// !$*UTF8*$!
{
	archiveVersion = 1;
	classes = {
	};
	objectVersion = 52;
	objects = {

/* Begin PBXBuildFile section */
		ACC32B6A22DE370800B23498 /* AppDelegate.swift in Sources */ = {isa = PBXBuildFile; fileRef = ACC32B6922DE370700B23498 /* AppDelegate.swift */; };
		ACC32B6C22DE370800B23498 /* SceneDelegate.swift in Sources */ = {isa = PBXBuildFile; fileRef = ACC32B6B22DE370800B23498 /* SceneDelegate.swift */; };
		ACC32B6E22DE370800B23498 /* ViewController.swift in Sources */ = {isa = PBXBuildFile; fileRef = ACC32B6D22DE370800B23498 /* ViewController.swift */; };
		ACC32B7122DE370800B23498 /* Main.storyboard in Resources */ = {isa = PBXBuildFile; fileRef = ACC32B6F22DE370800B23498 /* Main.storyboard */; };
		ACC32B7322DE371300B23498 /* Assets.xcassets in Resources */ = {isa = PBXBuildFile; fileRef = ACC32B7222DE371300B23498 /* Assets.xcassets */; };
		ACC32B7622DE371300B23498 /* LaunchScreen.storyboard in Resources */ = {isa = PBXBuildFile; fileRef = ACC32B7422DE371300B23498 /* LaunchScreen.storyboard */; };
		ACC32B7F22DE382E00B23498 /* Alamofire in Frameworks */ = {isa = PBXBuildFile; productRef = ACC32B7E22DE382E00B23498 /* Alamofire */; };
/* End PBXBuildFile section */

/* Begin PBXFileReference section */
		ACC32B6622DE370700B23498 /* RadioAlomofire5.app */ = {isa = PBXFileReference; explicitFileType = wrapper.application; includeInIndex = 0; path = RadioAlomofire5.app; sourceTree = BUILT_PRODUCTS_DIR; };
		ACC32B6922DE370700B23498 /* AppDelegate.swift */ = {isa = PBXFileReference; lastKnownFileType = sourcecode.swift; path = AppDelegate.swift; sourceTree = "<group>"; };
		ACC32B6B22DE370800B23498 /* SceneDelegate.swift */ = {isa = PBXFileReference; lastKnownFileType = sourcecode.swift; path = SceneDelegate.swift; sourceTree = "<group>"; };
		ACC32B6D22DE370800B23498 /* ViewController.swift */ = {isa = PBXFileReference; lastKnownFileType = sourcecode.swift; path = ViewController.swift; sourceTree = "<group>"; };
		ACC32B7022DE370800B23498 /* Base */ = {isa = PBXFileReference; lastKnownFileType = file.storyboard; name = Base; path = Base.lproj/Main.storyboard; sourceTree = "<group>"; };
		ACC32B7222DE371300B23498 /* Assets.xcassets */ = {isa = PBXFileReference; lastKnownFileType = folder.assetcatalog; path = Assets.xcassets; sourceTree = "<group>"; };
		ACC32B7522DE371300B23498 /* Base */ = {isa = PBXFileReference; lastKnownFileType = file.storyboard; name = Base; path = Base.lproj/LaunchScreen.storyboard; sourceTree = "<group>"; };
		ACC32B7722DE371300B23498 /* Info.plist */ = {isa = PBXFileReference; lastKnownFileType = text.plist.xml; path = Info.plist; sourceTree = "<group>"; };
/* End PBXFileReference section */

/* Begin PBXFrameworksBuildPhase section */
		ACC32B6322DE370700B23498 /* Frameworks */ = {
			isa = PBXFrameworksBuildPhase;
			buildActionMask = 2147483647;
			files = (
				ACC32B7F22DE382E00B23498 /* Alamofire in Frameworks */,
			);
			runOnlyForDeploymentPostprocessing = 0;
		};
/* End PBXFrameworksBuildPhase section */

/* Begin PBXGroup section */
		ACC32B5D22DE370700B23498 = {
			isa = PBXGroup;
			children = (
				ACC32B6822DE370700B23498 /* RadioAlomofire5 */,
				ACC32B6722DE370700B23498 /* Products */,
			);
			sourceTree = "<group>";
		};
		ACC32B6722DE370700B23498 /* Products */ = {
			isa = PBXGroup;
			children = (
				ACC32B6622DE370700B23498 /* RadioAlomofire5.app */,
			);
			name = Products;
			sourceTree = "<group>";
		};
		ACC32B6822DE370700B23498 /* RadioAlomofire5 */ = {
			isa = PBXGroup;
			children = (
				ACC32B6922DE370700B23498 /* AppDelegate.swift */,
				ACC32B6B22DE370800B23498 /* SceneDelegate.swift */,
				ACC32B6D22DE370800B23498 /* ViewController.swift */,
				ACC32B6F22DE370800B23498 /* Main.storyboard */,
				ACC32B7222DE371300B23498 /* Assets.xcassets */,
				ACC32B7422DE371300B23498 /* LaunchScreen.storyboard */,
				ACC32B7722DE371300B23498 /* Info.plist */,
			);
			path = RadioAlomofire5;
			sourceTree = "<group>";
		};
/* End PBXGroup section */

/* Begin PBXNativeTarget section */
		ACC32B6522DE370700B23498 /* RadioAlomofire5 */ = {
			isa = PBXNativeTarget;
			buildConfigurationList = ACC32B7A22DE371300B23498 /* Build configuration list for PBXNativeTarget "RadioAlomofire5" */;
			buildPhases = (
				ACC32B6222DE370700B23498 /* Sources */,
				ACC32B6322DE370700B23498 /* Frameworks */,
				ACC32B6422DE370700B23498 /* Resources */,
			);
			buildRules = (
			);
			dependencies = (
			);
			name = RadioAlomofire5;
			packageProductDependencies = (
				ACC32B7E22DE382E00B23498 /* Alamofire */,
			);
			productName = RadioAlomofire5;
			productReference = ACC32B6622DE370700B23498 /* RadioAlomofire5.app */;
			productType = "com.apple.product-type.application";
		};
/* End PBXNativeTarget section */

/* Begin PBXProject section */
		ACC32B5E22DE370700B23498 /* Project object */ = {
			isa = PBXProject;
			attributes = {
				LastSwiftUpdateCheck = 1100;
				LastUpgradeCheck = 1100;
				ORGANIZATIONNAME = "Артем";
				TargetAttributes = {
					ACC32B6522DE370700B23498 = {
						CreatedOnToolsVersion = 11.0;
					};
				};
			};
			buildConfigurationList = ACC32B6122DE370700B23498 /* Build configuration list for PBXProject "RadioAlomofire5" */;
			compatibilityVersion = "Xcode 9.3";
			developmentRegion = en;
			hasScannedForEncodings = 0;
			knownRegions = (
				en,
				Base,
			);
			mainGroup = ACC32B5D22DE370700B23498;
			packageReferences = (
				ACC32B7D22DE382E00B23498 /* XCRemoteSwiftPackageReference "Alamofire" */,
			);
			productRefGroup = ACC32B6722DE370700B23498 /* Products */;
			projectDirPath = "";
			projectRoot = "";
			targets = (
				ACC32B6522DE370700B23498 /* RadioAlomofire5 */,
			);
		};
/* End PBXProject section */

/* Begin PBXResourcesBuildPhase section */
		ACC32B6422DE370700B23498 /* Resources */ = {
			isa = PBXResourcesBuildPhase;
			buildActionMask = 2147483647;
			files = (
				ACC32B7622DE371300B23498 /* LaunchScreen.storyboard in Resources */,
				ACC32B7322DE371300B23498 /* Assets.xcassets in Resources */,
				ACC32B7122DE370800B23498 /* Main.storyboard in Resources */,
			);
			runOnlyForDeploymentPostprocessing = 0;
		};
/* End PBXResourcesBuildPhase section */

/* Begin PBXSourcesBuildPhase section */
		ACC32B6222DE370700B23498 /* Sources */ = {
			isa = PBXSourcesBuildPhase;
			buildActionMask = 2147483647;
			files = (
				ACC32B6E22DE370800B23498 /* ViewController.swift in Sources */,
				ACC32B6A22DE370800B23498 /* AppDelegate.swift in Sources */,
				ACC32B6C22DE370800B23498 /* SceneDelegate.swift in Sources */,
			);
			runOnlyForDeploymentPostprocessing = 0;
		};
/* End PBXSourcesBuildPhase section */

/* Begin PBXVariantGroup section */
		ACC32B6F22DE370800B23498 /* Main.storyboard */ = {
			isa = PBXVariantGroup;
			children = (
				ACC32B7022DE370800B23498 /* Base */,
			);
			name = Main.storyboard;
			sourceTree = "<group>";
		};
		ACC32B7422DE371300B23498 /* LaunchScreen.storyboard */ = {
			isa = PBXVariantGroup;
			children = (
				ACC32B7522DE371300B23498 /* Base */,
			);
			name = LaunchScreen.storyboard;
			sourceTree = "<group>";
		};
/* End PBXVariantGroup section */

/* Begin XCBuildConfiguration section */
		ACC32B7822DE371300B23498 /* Debug */ = {
			isa = XCBuildConfiguration;
			buildSettings = {
				ALWAYS_SEARCH_USER_PATHS = NO;
				CLANG_ANALYZER_NONNULL = YES;
				CLANG_ANALYZER_NUMBER_OBJECT_CONVERSION = YES_AGGRESSIVE;
				CLANG_CXX_LANGUAGE_STANDARD = "gnu++14";
				CLANG_CXX_LIBRARY = "libc++";
				CLANG_ENABLE_MODULES = YES;
				CLANG_ENABLE_OBJC_ARC = YES;
				CLANG_ENABLE_OBJC_WEAK = YES;
				CLANG_WARN_BLOCK_CAPTURE_AUTORELEASING = YES;
				CLANG_WARN_BOOL_CONVERSION = YES;
				CLANG_WARN_COMMA = YES;
				CLANG_WARN_CONSTANT_CONVERSION = YES;
				CLANG_WARN_DEPRECATED_OBJC_IMPLEMENTATIONS = YES;
				CLANG_WARN_DIRECT_OBJC_ISA_USAGE = YES_ERROR;
				CLANG_WARN_DOCUMENTATION_COMMENTS = YES;
				CLANG_WARN_EMPTY_BODY = YES;
				CLANG_WARN_ENUM_CONVERSION = YES;
				CLANG_WARN_INFINITE_RECURSION = YES;
				CLANG_WARN_INT_CONVERSION = YES;
				CLANG_WARN_NON_LITERAL_NULL_CONVERSION = YES;
				CLANG_WARN_OBJC_IMPLICIT_RETAIN_SELF = YES;
				CLANG_WARN_OBJC_LITERAL_CONVERSION = YES;
				CLANG_WARN_OBJC_ROOT_CLASS = YES_ERROR;
				CLANG_WARN_RANGE_LOOP_ANALYSIS = YES;
				CLANG_WARN_STRICT_PROTOTYPES = YES;
				CLANG_WARN_SUSPICIOUS_MOVE = YES;
				CLANG_WARN_UNGUARDED_AVAILABILITY = YES_AGGRESSIVE;
				CLANG_WARN_UNREACHABLE_CODE = YES;
				CLANG_WARN__DUPLICATE_METHOD_MATCH = YES;
				COPY_PHASE_STRIP = NO;
				DEBUG_INFORMATION_FORMAT = dwarf;
				ENABLE_STRICT_OBJC_MSGSEND = YES;
				ENABLE_TESTABILITY = YES;
				GCC_C_LANGUAGE_STANDARD = gnu11;
				GCC_DYNAMIC_NO_PIC = NO;
				GCC_NO_COMMON_BLOCKS = YES;
				GCC_OPTIMIZATION_LEVEL = 0;
				GCC_PREPROCESSOR_DEFINITIONS = (
					"DEBUG=1",
					"$(inherited)",
				);
				GCC_WARN_64_TO_32_BIT_CONVERSION = YES;
				GCC_WARN_ABOUT_RETURN_TYPE = YES_ERROR;
				GCC_WARN_UNDECLARED_SELECTOR = YES;
				GCC_WARN_UNINITIALIZED_AUTOS = YES_AGGRESSIVE;
				GCC_WARN_UNUSED_FUNCTION = YES;
				GCC_WARN_UNUSED_VARIABLE = YES;
				IPHONEOS_DEPLOYMENT_TARGET = 13.0;
				MTL_ENABLE_DEBUG_INFO = INCLUDE_SOURCE;
				MTL_FAST_MATH = YES;
				ONLY_ACTIVE_ARCH = YES;
				SDKROOT = iphoneos;
				SWIFT_ACTIVE_COMPILATION_CONDITIONS = DEBUG;
				SWIFT_OPTIMIZATION_LEVEL = "-Onone";
			};
			name = Debug;
		};
		ACC32B7922DE371300B23498 /* Release */ = {
			isa = XCBuildConfiguration;
			buildSettings = {
				ALWAYS_SEARCH_USER_PATHS = NO;
				CLANG_ANALYZER_NONNULL = YES;
				CLANG_ANALYZER_NUMBER_OBJECT_CONVERSION = YES_AGGRESSIVE;
				CLANG_CXX_LANGUAGE_STANDARD = "gnu++14";
				CLANG_CXX_LIBRARY = "libc++";
				CLANG_ENABLE_MODULES = YES;
				CLANG_ENABLE_OBJC_ARC = YES;
				CLANG_ENABLE_OBJC_WEAK = YES;
				CLANG_WARN_BLOCK_CAPTURE_AUTORELEASING = YES;
				CLANG_WARN_BOOL_CONVERSION = YES;
				CLANG_WARN_COMMA = YES;
				CLANG_WARN_CONSTANT_CONVERSION = YES;
				CLANG_WARN_DEPRECATED_OBJC_IMPLEMENTATIONS = YES;
				CLANG_WARN_DIRECT_OBJC_ISA_USAGE = YES_ERROR;
				CLANG_WARN_DOCUMENTATION_COMMENTS = YES;
				CLANG_WARN_EMPTY_BODY = YES;
				CLANG_WARN_ENUM_CONVERSION = YES;
				CLANG_WARN_INFINITE_RECURSION = YES;
				CLANG_WARN_INT_CONVERSION = YES;
				CLANG_WARN_NON_LITERAL_NULL_CONVERSION = YES;
				CLANG_WARN_OBJC_IMPLICIT_RETAIN_SELF = YES;
				CLANG_WARN_OBJC_LITERAL_CONVERSION = YES;
				CLANG_WARN_OBJC_ROOT_CLASS = YES_ERROR;
				CLANG_WARN_RANGE_LOOP_ANALYSIS = YES;
				CLANG_WARN_STRICT_PROTOTYPES = YES;
				CLANG_WARN_SUSPICIOUS_MOVE = YES;
				CLANG_WARN_UNGUARDED_AVAILABILITY = YES_AGGRESSIVE;
				CLANG_WARN_UNREACHABLE_CODE = YES;
				CLANG_WARN__DUPLICATE_METHOD_MATCH = YES;
				COPY_PHASE_STRIP = NO;
				DEBUG_INFORMATION_FORMAT = "dwarf-with-dsym";
				ENABLE_NS_ASSERTIONS = NO;
				ENABLE_STRICT_OBJC_MSGSEND = YES;
				GCC_C_LANGUAGE_STANDARD = gnu11;
				GCC_NO_COMMON_BLOCKS = YES;
				GCC_WARN_64_TO_32_BIT_CONVERSION = YES;
				GCC_WARN_ABOUT_RETURN_TYPE = YES_ERROR;
				GCC_WARN_UNDECLARED_SELECTOR = YES;
				GCC_WARN_UNINITIALIZED_AUTOS = YES_AGGRESSIVE;
				GCC_WARN_UNUSED_FUNCTION = YES;
				GCC_WARN_UNUSED_VARIABLE = YES;
				IPHONEOS_DEPLOYMENT_TARGET = 13.0;
				MTL_ENABLE_DEBUG_INFO = NO;
				MTL_FAST_MATH = YES;
				SDKROOT = iphoneos;
				SWIFT_COMPILATION_MODE = wholemodule;
				SWIFT_OPTIMIZATION_LEVEL = "-O";
				VALIDATE_PRODUCT = YES;
			};
			name = Release;
		};
		ACC32B7B22DE371300B23498 /* Debug */ = {
			isa = XCBuildConfiguration;
			buildSettings = {
				ASSETCATALOG_COMPILER_APPICON_NAME = AppIcon;
				CODE_SIGN_STYLE = Automatic;
				DEVELOPMENT_TEAM = SP8ZAT56L5;
				INFOPLIST_FILE = RadioAlomofire5/Info.plist;
				LD_RUNPATH_SEARCH_PATHS = (
					"$(inherited)",
					"@executable_path/Frameworks",
				);
				PRODUCT_BUNDLE_IDENTIFIER = Art.RadioAlomofire5;
				PRODUCT_NAME = "$(TARGET_NAME)";
				SWIFT_VERSION = 5.0;
				TARGETED_DEVICE_FAMILY = "1,2";
			};
			name = Debug;
		};
		ACC32B7C22DE371300B23498 /* Release */ = {
			isa = XCBuildConfiguration;
			buildSettings = {
				ASSETCATALOG_COMPILER_APPICON_NAME = AppIcon;
				CODE_SIGN_STYLE = Automatic;
				DEVELOPMENT_TEAM = SP8ZAT56L5;
				INFOPLIST_FILE = RadioAlomofire5/Info.plist;
				LD_RUNPATH_SEARCH_PATHS = (
					"$(inherited)",
					"@executable_path/Frameworks",
				);
				PRODUCT_BUNDLE_IDENTIFIER = Art.RadioAlomofire5;
				PRODUCT_NAME = "$(TARGET_NAME)";
				SWIFT_VERSION = 5.0;
				TARGETED_DEVICE_FAMILY = "1,2";
			};
			name = Release;
		};
/* End XCBuildConfiguration section */

/* Begin XCConfigurationList section */
		ACC32B6122DE370700B23498 /* Build configuration list for PBXProject "RadioAlomofire5" */ = {
			isa = XCConfigurationList;
			buildConfigurations = (
				ACC32B7822DE371300B23498 /* Debug */,
				ACC32B7922DE371300B23498 /* Release */,
			);
			defaultConfigurationIsVisible = 0;
			defaultConfigurationName = Release;
		};
		ACC32B7A22DE371300B23498 /* Build configuration list for PBXNativeTarget "RadioAlomofire5" */ = {
			isa = XCConfigurationList;
			buildConfigurations = (
				ACC32B7B22DE371300B23498 /* Debug */,
				ACC32B7C22DE371300B23498 /* Release */,
			);
			defaultConfigurationIsVisible = 0;
			defaultConfigurationName = Release;
		};
/* End XCConfigurationList section */

/* Begin XCRemoteSwiftPackageReference section */
		ACC32B7D22DE382E00B23498 /* XCRemoteSwiftPackageReference "Alamofire" */ = {
			isa = XCRemoteSwiftPackageReference;
			repositoryURL = "https://github.com/Alamofire/Alamofire";
			requirement = {
				kind = upToNextMajorVersion;
				minimumVersion = "5.0.0-beta.6";
			};
		};
/* End XCRemoteSwiftPackageReference section */

/* Begin XCSwiftPackageProductDependency section */
		ACC32B7E22DE382E00B23498 /* Alamofire */ = {
			isa = XCSwiftPackageProductDependency;
			package = ACC32B7D22DE382E00B23498 /* XCRemoteSwiftPackageReference "Alamofire" */;
			productName = Alamofire;
		};
/* End XCSwiftPackageProductDependency section */
	};
	rootObject = ACC32B5E22DE370700B23498 /* Project object */;
}
